
Microsoft Visual Studio Solution File, Format Version 12.00
Project("{2150E333-8FDC-42A3-9474-1A3956D46DE8}") = "Common", "Common", "{33BFFAA9-3103-45EF-B3D4-C52AF0F1736C}"
EndProject
Project("{FAE04EC0-301F-11D3-BF4B-00C04F79EFBC}") = "Logging", "Common\Logging\Logging.csproj", "{7A5E2696-0566-40A5-BD33-21A580FBDD6C}"
EndProject
Project("{FAE04EC0-301F-11D3-BF4B-00C04F79EFBC}") = "NetMsg.Common", "Common\NetMsg.Common\NetMsg.Common.csproj", "{2EE8F630-4373-4F2E-B988-B576A7B6FE52}"
EndProject
Project("{FAE04EC0-301F-11D3-BF4B-00C04F79EFBC}") = "Networking", "Common\Networking\Networking.csproj", "{B5AC4FF4-5723-4C4A-944E-062220C2780B}"
EndProject
Project("{FAE04EC0-301F-11D3-BF4B-00C04F79EFBC}") = "Serializaition", "Common\Serializaition\Serializaition.csproj", "{1A00F547-A5D9-4FBA-953A-04236882CC7A}"
EndProject
Project("{FAE04EC0-301F-11D3-BF4B-00C04F79EFBC}") = "Util", "Common\Util\Util.csproj", "{AC5B8A05-6E14-4B17-98D1-5BFFF3290E76}"
EndProject
Project("{FAE04EC0-301F-11D3-BF4B-00C04F79EFBC}") = "Math", "Common\Math\Math.csproj", "{17A82628-87EF-462B-8E03-D0ADECD567C6}"
EndProject
Project("{FAE04EC0-301F-11D3-BF4B-00C04F79EFBC}") = "ECS.Common", "Common\ECS.Common\ECS.Common.csproj", "{DCBBA796-F183-4211-A5F1-78CCDCBD00DC}"
EndProject
Project("{FAE04EC0-301F-11D3-BF4B-00C04F79EFBC}") = "Collision", "Common\Collision\Collision.csproj", "{C84BC4D1-DF69-40E9-AB9C-C3E2E90D07AD}"
EndProject
Project("{FAE04EC0-301F-11D3-BF4B-00C04F79EFBC}") = "AI.BehaviorTree", "Common\AI.BehaviorTree\AI.BehaviorTree.csproj", "{265C850E-8875-47C6-9397-F8A500BF16F4}"
EndProject
Project("{FAE04EC0-301F-11D3-BF4B-00C04F79EFBC}") = "AI.PathFinding", "Common\AI.PathFinding\AI.PathFinding.csproj", "{23A375FA-E475-41BE-844C-40A1F857F18C}"
EndProject
Project("{FAE04EC0-301F-11D3-BF4B-00C04F79EFBC}") = "ECS.ECDefine", "Common\ECS.ECDefine\ECS.ECDefine.csproj", "{36C15487-4E24-408D-8BA5-4C641ACD34E0}"
EndProject
Global
	GlobalSection(SolutionConfigurationPlatforms) = preSolution
		Debug|Any CPU = Debug|Any CPU
		Release|Any CPU = Release|Any CPU
	EndGlobalSection
	GlobalSection(NestedProjects) = preSolution
		{7A5E2696-0566-40A5-BD33-21A580FBDD6C} = {33BFFAA9-3103-45EF-B3D4-C52AF0F1736C}
		{2EE8F630-4373-4F2E-B988-B576A7B6FE52} = {33BFFAA9-3103-45EF-B3D4-C52AF0F1736C}
		{B5AC4FF4-5723-4C4A-944E-062220C2780B} = {33BFFAA9-3103-45EF-B3D4-C52AF0F1736C}
		{1A00F547-A5D9-4FBA-953A-04236882CC7A} = {33BFFAA9-3103-45EF-B3D4-C52AF0F1736C}
		{AC5B8A05-6E14-4B17-98D1-5BFFF3290E76} = {33BFFAA9-3103-45EF-B3D4-C52AF0F1736C}
		{17A82628-87EF-462B-8E03-D0ADECD567C6} = {33BFFAA9-3103-45EF-B3D4-C52AF0F1736C}
		{DCBBA796-F183-4211-A5F1-78CCDCBD00DC} = {33BFFAA9-3103-45EF-B3D4-C52AF0F1736C}
		{C84BC4D1-DF69-40E9-AB9C-C3E2E90D07AD} = {33BFFAA9-3103-45EF-B3D4-C52AF0F1736C}
		{265C850E-8875-47C6-9397-F8A500BF16F4} = {33BFFAA9-3103-45EF-B3D4-C52AF0F1736C}
		{23A375FA-E475-41BE-844C-40A1F857F18C} = {33BFFAA9-3103-45EF-B3D4-C52AF0F1736C}
		{36C15487-4E24-408D-8BA5-4C641ACD34E0} = {33BFFAA9-3103-45EF-B3D4-C52AF0F1736C}
	EndGlobalSection
	GlobalSection(ProjectConfigurationPlatforms) = postSolution
		{7A5E2696-0566-40A5-BD33-21A580FBDD6C}.Debug|Any CPU.ActiveCfg = Debug|Any CPU
		{7A5E2696-0566-40A5-BD33-21A580FBDD6C}.Debug|Any CPU.Build.0 = Debug|Any CPU
		{7A5E2696-0566-40A5-BD33-21A580FBDD6C}.Release|Any CPU.ActiveCfg = Release|Any CPU
		{7A5E2696-0566-40A5-BD33-21A580FBDD6C}.Release|Any CPU.Build.0 = Release|Any CPU
		{2EE8F630-4373-4F2E-B988-B576A7B6FE52}.Debug|Any CPU.ActiveCfg = Debug|Any CPU
		{2EE8F630-4373-4F2E-B988-B576A7B6FE52}.Debug|Any CPU.Build.0 = Debug|Any CPU
		{2EE8F630-4373-4F2E-B988-B576A7B6FE52}.Release|Any CPU.ActiveCfg = Release|Any CPU
		{2EE8F630-4373-4F2E-B988-B576A7B6FE52}.Release|Any CPU.Build.0 = Release|Any CPU
		{B5AC4FF4-5723-4C4A-944E-062220C2780B}.Debug|Any CPU.ActiveCfg = Debug|Any CPU
		{B5AC4FF4-5723-4C4A-944E-062220C2780B}.Debug|Any CPU.Build.0 = Debug|Any CPU
		{B5AC4FF4-5723-4C4A-944E-062220C2780B}.Release|Any CPU.ActiveCfg = Release|Any CPU
		{B5AC4FF4-5723-4C4A-944E-062220C2780B}.Release|Any CPU.Build.0 = Release|Any CPU
		{1A00F547-A5D9-4FBA-953A-04236882CC7A}.Debug|Any CPU.ActiveCfg = Debug|Any CPU
		{1A00F547-A5D9-4FBA-953A-04236882CC7A}.Debug|Any CPU.Build.0 = Debug|Any CPU
		{1A00F547-A5D9-4FBA-953A-04236882CC7A}.Release|Any CPU.ActiveCfg = Release|Any CPU
		{1A00F547-A5D9-4FBA-953A-04236882CC7A}.Release|Any CPU.Build.0 = Release|Any CPU
		{AC5B8A05-6E14-4B17-98D1-5BFFF3290E76}.Debug|Any CPU.ActiveCfg = Debug|Any CPU
		{AC5B8A05-6E14-4B17-98D1-5BFFF3290E76}.Debug|Any CPU.Build.0 = Debug|Any CPU
		{AC5B8A05-6E14-4B17-98D1-5BFFF3290E76}.Release|Any CPU.ActiveCfg = Release|Any CPU
		{AC5B8A05-6E14-4B17-98D1-5BFFF3290E76}.Release|Any CPU.Build.0 = Release|Any CPU
		{17A82628-87EF-462B-8E03-D0ADECD567C6}.Debug|Any CPU.ActiveCfg = Debug|Any CPU
		{17A82628-87EF-462B-8E03-D0ADECD567C6}.Debug|Any CPU.Build.0 = Debug|Any CPU
		{17A82628-87EF-462B-8E03-D0ADECD567C6}.Release|Any CPU.ActiveCfg = Release|Any CPU
		{17A82628-87EF-462B-8E03-D0ADECD567C6}.Release|Any CPU.Build.0 = Release|Any CPU
		{DCBBA796-F183-4211-A5F1-78CCDCBD00DC}.Debug|Any CPU.ActiveCfg = Debug|Any CPU
		{DCBBA796-F183-4211-A5F1-78CCDCBD00DC}.Debug|Any CPU.Build.0 = Debug|Any CPU
		{DCBBA796-F183-4211-A5F1-78CCDCBD00DC}.Release|Any CPU.ActiveCfg = Release|Any CPU
		{DCBBA796-F183-4211-A5F1-78CCDCBD00DC}.Release|Any CPU.Build.0 = Release|Any CPU
		{C84BC4D1-DF69-40E9-AB9C-C3E2E90D07AD}.Debug|Any CPU.ActiveCfg = Debug|Any CPU
		{C84BC4D1-DF69-40E9-AB9C-C3E2E90D07AD}.Debug|Any CPU.Build.0 = Debug|Any CPU
		{C84BC4D1-DF69-40E9-AB9C-C3E2E90D07AD}.Release|Any CPU.ActiveCfg = Release|Any CPU
		{C84BC4D1-DF69-40E9-AB9C-C3E2E90D07AD}.Release|Any CPU.Build.0 = Release|Any CPU
		{265C850E-8875-47C6-9397-F8A500BF16F4}.Debug|Any CPU.ActiveCfg = Debug|Any CPU
		{265C850E-8875-47C6-9397-F8A500BF16F4}.Debug|Any CPU.Build.0 = Debug|Any CPU
		{265C850E-8875-47C6-9397-F8A500BF16F4}.Release|Any CPU.ActiveCfg = Release|Any CPU
		{265C850E-8875-47C6-9397-F8A500BF16F4}.Release|Any CPU.Build.0 = Release|Any CPU
		{23A375FA-E475-41BE-844C-40A1F857F18C}.Debug|Any CPU.ActiveCfg = Debug|Any CPU
		{23A375FA-E475-41BE-844C-40A1F857F18C}.Debug|Any CPU.Build.0 = Debug|Any CPU
		{23A375FA-E475-41BE-844C-40A1F857F18C}.Release|Any CPU.ActiveCfg = Release|Any CPU
		{23A375FA-E475-41BE-844C-40A1F857F18C}.Release|Any CPU.Build.0 = Release|Any CPU
		{36C15487-4E24-408D-8BA5-4C641ACD34E0}.Debug|Any CPU.ActiveCfg = Debug|Any CPU
		{36C15487-4E24-408D-8BA5-4C641ACD34E0}.Debug|Any CPU.Build.0 = Debug|Any CPU
		{36C15487-4E24-408D-8BA5-4C641ACD34E0}.Release|Any CPU.ActiveCfg = Release|Any CPU
		{36C15487-4E24-408D-8BA5-4C641ACD34E0}.Release|Any CPU.Build.0 = Release|Any CPU
	EndGlobalSection
EndGlobal
