
Microsoft Visual Studio Solution File, Format Version 12.00
Project("{FAE04EC0-301F-11D3-BF4B-00C04F79EFBC}") = "Server.Lobby", "Server.Lobby\Server.Lobby.csproj", "{AC51F4BB-D760-4F8F-9E08-9F1DCB3FA481}"
EndProject
Project("{FAE04EC0-301F-11D3-BF4B-00C04F79EFBC}") = "Server.Common", "Server.Common\Server.Common.csproj", "{0B0A7D5E-DDDD-46AF-BFA0-6700B4EB6A8E}"
EndProject
Project("{FAE04EC0-301F-11D3-BF4B-00C04F79EFBC}") = "Game.Tank", "Game.Tank\Game.Tank.csproj", "{08EC9DE7-ADAF-4905-9A73-30423F813122}"
EndProject
Global
	GlobalSection(SolutionConfigurationPlatforms) = preSolution
		Debug|Any CPU = Debug|Any CPU
		Release|Any CPU = Release|Any CPU
	EndGlobalSection
	GlobalSection(ProjectConfigurationPlatforms) = postSolution
		{AC51F4BB-D760-4F8F-9E08-9F1DCB3FA481}.Debug|Any CPU.ActiveCfg = Debug|Any CPU
		{AC51F4BB-D760-4F8F-9E08-9F1DCB3FA481}.Debug|Any CPU.Build.0 = Debug|Any CPU
		{AC51F4BB-D760-4F8F-9E08-9F1DCB3FA481}.Release|Any CPU.ActiveCfg = Release|Any CPU
		{AC51F4BB-D760-4F8F-9E08-9F1DCB3FA481}.Release|Any CPU.Build.0 = Release|Any CPU
		{0B0A7D5E-DDDD-46AF-BFA0-6700B4EB6A8E}.Debug|Any CPU.ActiveCfg = Debug|Any CPU
		{0B0A7D5E-DDDD-46AF-BFA0-6700B4EB6A8E}.Debug|Any CPU.Build.0 = Debug|Any CPU
		{0B0A7D5E-DDDD-46AF-BFA0-6700B4EB6A8E}.Release|Any CPU.ActiveCfg = Release|Any CPU
		{0B0A7D5E-DDDD-46AF-BFA0-6700B4EB6A8E}.Release|Any CPU.Build.0 = Release|Any CPU
		{08EC9DE7-ADAF-4905-9A73-30423F813122}.Debug|Any CPU.ActiveCfg = Debug|Any CPU
		{08EC9DE7-ADAF-4905-9A73-30423F813122}.Debug|Any CPU.Build.0 = Debug|Any CPU
		{08EC9DE7-ADAF-4905-9A73-30423F813122}.Release|Any CPU.ActiveCfg = Release|Any CPU
		{08EC9DE7-ADAF-4905-9A73-30423F813122}.Release|Any CPU.Build.0 = Release|Any CPU
	EndGlobalSection
EndGlobal
