
Microsoft Visual Studio Solution File, Format Version 12.00
Project("{FAE04EC0-301F-11D3-BF4B-00C04F79EFBC}") = "Logging", "..\Common\Logging\Logging.csproj", "{7A5E2696-0566-40A5-BD33-21A580FBDD6C}"
EndProject
Project("{FAE04EC0-301F-11D3-BF4B-00C04F79EFBC}") = "Serializaition", "..\Common\Serializaition\Serializaition.csproj", "{1A00F547-A5D9-4FBA-953A-04236882CC7A}"
EndProject
Project("{FAE04EC0-301F-11D3-BF4B-00C04F79EFBC}") = "NetMsg.Common", "..\Common\NetMsg.Common\NetMsg.Common.csproj", "{2EE8F630-4373-4F2E-B988-B576A7B6FE52}"
EndProject
Project("{FAE04EC0-301F-11D3-BF4B-00C04F79EFBC}") = "Server.Common", "Server.Common\Server.Common.csproj", "{0B0A7D5E-DDDD-46AF-BFA0-6700B4EB6A8E}"
EndProject
Project("{FAE04EC0-301F-11D3-BF4B-00C04F79EFBC}") = "Game.Tank", "Game.Tank\Game.Tank.csproj", "{08EC9DE7-ADAF-4905-9A73-30423F813122}"
EndProject
Project("{FAE04EC0-301F-11D3-BF4B-00C04F79EFBC}") = "NetMsg.Server", "NetMsg.Server\NetMsg.Server.csproj", "{1DF87870-36F9-46D4-ACF0-4193DD302DA7}"
EndProject
Project("{FAE04EC0-301F-11D3-BF4B-00C04F79EFBC}") = "Networking", "Networking\Networking.csproj", "{B5AC4FF4-5723-4C4A-944E-062220C2780B}"
EndProject
Project("{FAE04EC0-301F-11D3-BF4B-00C04F79EFBC}") = "Util", "Util\Util.csproj", "{AC5B8A05-6E14-4B17-98D1-5BFFF3290E76}"
EndProject
Project("{FAE04EC0-301F-11D3-BF4B-00C04F79EFBC}") = "CodeGenerator", "CodeGenerator\CodeGenerator.csproj", "{C3CDD113-ABCA-45A0-BA2A-C5C55D24DA32}"
EndProject
Project("{2150E333-8FDC-42A3-9474-1A3956D46DE8}") = "Libs", "Libs", "{4EF2A424-DA7F-43EC-9C7E-076727F07E57}"
EndProject
Project("{2150E333-8FDC-42A3-9474-1A3956D46DE8}") = "Server", "Server", "{A17F9550-198C-482A-8327-1B6BFC2ED862}"
EndProject
Project("{2150E333-8FDC-42A3-9474-1A3956D46DE8}") = "Msg", "Msg", "{E717FC14-8EE9-43B4-94BD-3E0DD5C2A066}"
EndProject
Project("{2150E333-8FDC-42A3-9474-1A3956D46DE8}") = "Game", "Game", "{A59221D2-3D55-4407-8240-7E2924658CB3}"
EndProject
Project("{2150E333-8FDC-42A3-9474-1A3956D46DE8}") = "Tools", "Tools", "{81D294EC-00A6-4774-89F3-A1D900A3C7C7}"
EndProject
Project("{FAE04EC0-301F-11D3-BF4B-00C04F79EFBC}") = "Server.Servers", "Server.Servers\Server.Servers.csproj", "{23AD1C5B-CF67-4C22-92FF-2CE9E2BE8FEE}"
EndProject
Global
	GlobalSection(SolutionConfigurationPlatforms) = preSolution
		Debug|Any CPU = Debug|Any CPU
		Release|Any CPU = Release|Any CPU
	EndGlobalSection
	GlobalSection(ProjectConfigurationPlatforms) = postSolution
		{0B0A7D5E-DDDD-46AF-BFA0-6700B4EB6A8E}.Debug|Any CPU.ActiveCfg = Debug|Any CPU
		{0B0A7D5E-DDDD-46AF-BFA0-6700B4EB6A8E}.Debug|Any CPU.Build.0 = Debug|Any CPU
		{0B0A7D5E-DDDD-46AF-BFA0-6700B4EB6A8E}.Release|Any CPU.ActiveCfg = Release|Any CPU
		{0B0A7D5E-DDDD-46AF-BFA0-6700B4EB6A8E}.Release|Any CPU.Build.0 = Release|Any CPU
		{08EC9DE7-ADAF-4905-9A73-30423F813122}.Debug|Any CPU.ActiveCfg = Debug|Any CPU
		{08EC9DE7-ADAF-4905-9A73-30423F813122}.Debug|Any CPU.Build.0 = Debug|Any CPU
		{08EC9DE7-ADAF-4905-9A73-30423F813122}.Release|Any CPU.ActiveCfg = Release|Any CPU
		{08EC9DE7-ADAF-4905-9A73-30423F813122}.Release|Any CPU.Build.0 = Release|Any CPU
		{7A5E2696-0566-40A5-BD33-21A580FBDD6C}.Debug|Any CPU.ActiveCfg = Debug|Any CPU
		{7A5E2696-0566-40A5-BD33-21A580FBDD6C}.Debug|Any CPU.Build.0 = Debug|Any CPU
		{7A5E2696-0566-40A5-BD33-21A580FBDD6C}.Release|Any CPU.ActiveCfg = Release|Any CPU
		{7A5E2696-0566-40A5-BD33-21A580FBDD6C}.Release|Any CPU.Build.0 = Release|Any CPU
		{2EE8F630-4373-4F2E-B988-B576A7B6FE52}.Debug|Any CPU.ActiveCfg = Debug|Any CPU
		{2EE8F630-4373-4F2E-B988-B576A7B6FE52}.Debug|Any CPU.Build.0 = Debug|Any CPU
		{2EE8F630-4373-4F2E-B988-B576A7B6FE52}.Release|Any CPU.ActiveCfg = Release|Any CPU
		{2EE8F630-4373-4F2E-B988-B576A7B6FE52}.Release|Any CPU.Build.0 = Release|Any CPU
		{1A00F547-A5D9-4FBA-953A-04236882CC7A}.Debug|Any CPU.ActiveCfg = Debug|Any CPU
		{1A00F547-A5D9-4FBA-953A-04236882CC7A}.Debug|Any CPU.Build.0 = Debug|Any CPU
		{1A00F547-A5D9-4FBA-953A-04236882CC7A}.Release|Any CPU.ActiveCfg = Release|Any CPU
		{1A00F547-A5D9-4FBA-953A-04236882CC7A}.Release|Any CPU.Build.0 = Release|Any CPU
		{12F44184-A422-5F27-22E6-507969043F15}.Debug|Any CPU.ActiveCfg = Debug|Any CPU
		{12F44184-A422-5F27-22E6-507969043F15}.Debug|Any CPU.Build.0 = Debug|Any CPU
		{12F44184-A422-5F27-22E6-507969043F15}.Release|Any CPU.ActiveCfg = Release|Any CPU
		{12F44184-A422-5F27-22E6-507969043F15}.Release|Any CPU.Build.0 = Release|Any CPU
		{32841AF2-D04D-2809-43A0-048B4F1DFAAA}.Debug|Any CPU.ActiveCfg = Debug|Any CPU
		{32841AF2-D04D-2809-43A0-048B4F1DFAAA}.Debug|Any CPU.Build.0 = Debug|Any CPU
		{32841AF2-D04D-2809-43A0-048B4F1DFAAA}.Release|Any CPU.ActiveCfg = Release|Any CPU
		{32841AF2-D04D-2809-43A0-048B4F1DFAAA}.Release|Any CPU.Build.0 = Release|Any CPU
		{1DF87870-36F9-46D4-ACF0-4193DD302DA7}.Debug|Any CPU.ActiveCfg = Debug|Any CPU
		{1DF87870-36F9-46D4-ACF0-4193DD302DA7}.Debug|Any CPU.Build.0 = Debug|Any CPU
		{1DF87870-36F9-46D4-ACF0-4193DD302DA7}.Release|Any CPU.ActiveCfg = Release|Any CPU
		{1DF87870-36F9-46D4-ACF0-4193DD302DA7}.Release|Any CPU.Build.0 = Release|Any CPU
		{B5AC4FF4-5723-4C4A-944E-062220C2780B}.Debug|Any CPU.ActiveCfg = Debug|Any CPU
		{B5AC4FF4-5723-4C4A-944E-062220C2780B}.Debug|Any CPU.Build.0 = Debug|Any CPU
		{B5AC4FF4-5723-4C4A-944E-062220C2780B}.Release|Any CPU.ActiveCfg = Release|Any CPU
		{B5AC4FF4-5723-4C4A-944E-062220C2780B}.Release|Any CPU.Build.0 = Release|Any CPU
		{AC5B8A05-6E14-4B17-98D1-5BFFF3290E76}.Debug|Any CPU.ActiveCfg = Debug|Any CPU
		{AC5B8A05-6E14-4B17-98D1-5BFFF3290E76}.Debug|Any CPU.Build.0 = Debug|Any CPU
		{AC5B8A05-6E14-4B17-98D1-5BFFF3290E76}.Release|Any CPU.ActiveCfg = Release|Any CPU
		{AC5B8A05-6E14-4B17-98D1-5BFFF3290E76}.Release|Any CPU.Build.0 = Release|Any CPU
		{C3CDD113-ABCA-45A0-BA2A-C5C55D24DA32}.Debug|Any CPU.ActiveCfg = Debug|Any CPU
		{C3CDD113-ABCA-45A0-BA2A-C5C55D24DA32}.Debug|Any CPU.Build.0 = Debug|Any CPU
		{C3CDD113-ABCA-45A0-BA2A-C5C55D24DA32}.Release|Any CPU.ActiveCfg = Release|Any CPU
		{C3CDD113-ABCA-45A0-BA2A-C5C55D24DA32}.Release|Any CPU.Build.0 = Release|Any CPU
		{23AD1C5B-CF67-4C22-92FF-2CE9E2BE8FEE}.Debug|Any CPU.ActiveCfg = Debug|Any CPU
		{23AD1C5B-CF67-4C22-92FF-2CE9E2BE8FEE}.Debug|Any CPU.Build.0 = Debug|Any CPU
		{23AD1C5B-CF67-4C22-92FF-2CE9E2BE8FEE}.Release|Any CPU.ActiveCfg = Release|Any CPU
		{23AD1C5B-CF67-4C22-92FF-2CE9E2BE8FEE}.Release|Any CPU.Build.0 = Release|Any CPU
	EndGlobalSection
	GlobalSection(NestedProjects) = preSolution
		{7A5E2696-0566-40A5-BD33-21A580FBDD6C} = {4EF2A424-DA7F-43EC-9C7E-076727F07E57}
		{1A00F547-A5D9-4FBA-953A-04236882CC7A} = {4EF2A424-DA7F-43EC-9C7E-076727F07E57}
		{AC5B8A05-6E14-4B17-98D1-5BFFF3290E76} = {4EF2A424-DA7F-43EC-9C7E-076727F07E57}
		{0B0A7D5E-DDDD-46AF-BFA0-6700B4EB6A8E} = {A17F9550-198C-482A-8327-1B6BFC2ED862}
		{B5AC4FF4-5723-4C4A-944E-062220C2780B} = {4EF2A424-DA7F-43EC-9C7E-076727F07E57}
		{2EE8F630-4373-4F2E-B988-B576A7B6FE52} = {E717FC14-8EE9-43B4-94BD-3E0DD5C2A066}
		{1DF87870-36F9-46D4-ACF0-4193DD302DA7} = {E717FC14-8EE9-43B4-94BD-3E0DD5C2A066}
		{08EC9DE7-ADAF-4905-9A73-30423F813122} = {A59221D2-3D55-4407-8240-7E2924658CB3}
		{C3CDD113-ABCA-45A0-BA2A-C5C55D24DA32} = {81D294EC-00A6-4774-89F3-A1D900A3C7C7}
		{23AD1C5B-CF67-4C22-92FF-2CE9E2BE8FEE} = {A17F9550-198C-482A-8327-1B6BFC2ED862}
	EndGlobalSection
EndGlobal
