
Microsoft Visual Studio Solution File, Format Version 12.00
Project("{FAE04EC0-301F-11D3-BF4B-00C04F79EFBC}") = "Lockstep.ECSGenerator", "Lockstep.ECSGenerator.csproj", "{BF9CC116-DCDC-4CCB-BA8A-9C4F5F686C4B}"
EndProject
Project("{FAE04EC0-301F-11D3-BF4B-00C04F79EFBC}") = "CodeGenUnsafe", "CodeGenUnsafe\CodeGenUnsafe.csproj", "{5F2E5B99-DC98-4166-99B8-FA952FCBE161}"
EndProject
Project("{FAE04EC0-301F-11D3-BF4B-00C04F79EFBC}") = "ECDefine", "ECDefine\ECDefine.csproj", "{E31A1E93-0331-4C64-9759-C9CF91E47A8F}"
EndProject
Project("{FAE04EC0-301F-11D3-BF4B-00C04F79EFBC}") = "CodeGenEntitas", "CodeGenEntitas\CodeGenEntitas.csproj", "{2CB8BC27-C8B1-4B8F-BC53-98A120B4B65F}"
EndProject
Project("{FAE04EC0-301F-11D3-BF4B-00C04F79EFBC}") = "ECSOutput", "ECSOutput\ECSOutput.csproj", "{C67DF7F6-1B1D-407F-B290-3937465D5D33}"
EndProject
Project("{FAE04EC0-301F-11D3-BF4B-00C04F79EFBC}") = "ECDefine.Game", "ECDefine.Game\ECDefine.Game.csproj", "{1CE8E00E-D13D-487B-8F29-69F5CB4901FA}"
EndProject
Global
	GlobalSection(SolutionConfigurationPlatforms) = preSolution
		Debug|Any CPU = Debug|Any CPU
		Release|Any CPU = Release|Any CPU
	EndGlobalSection
	GlobalSection(ProjectConfigurationPlatforms) = postSolution
		{BF9CC116-DCDC-4CCB-BA8A-9C4F5F686C4B}.Debug|Any CPU.ActiveCfg = Debug|Any CPU
		{BF9CC116-DCDC-4CCB-BA8A-9C4F5F686C4B}.Debug|Any CPU.Build.0 = Debug|Any CPU
		{BF9CC116-DCDC-4CCB-BA8A-9C4F5F686C4B}.Release|Any CPU.ActiveCfg = Release|Any CPU
		{BF9CC116-DCDC-4CCB-BA8A-9C4F5F686C4B}.Release|Any CPU.Build.0 = Release|Any CPU
		{5F2E5B99-DC98-4166-99B8-FA952FCBE161}.Debug|Any CPU.ActiveCfg = Debug|Any CPU
		{5F2E5B99-DC98-4166-99B8-FA952FCBE161}.Debug|Any CPU.Build.0 = Debug|Any CPU
		{5F2E5B99-DC98-4166-99B8-FA952FCBE161}.Release|Any CPU.ActiveCfg = Release|Any CPU
		{5F2E5B99-DC98-4166-99B8-FA952FCBE161}.Release|Any CPU.Build.0 = Release|Any CPU
		{E31A1E93-0331-4C64-9759-C9CF91E47A8F}.Debug|Any CPU.ActiveCfg = Debug|Any CPU
		{E31A1E93-0331-4C64-9759-C9CF91E47A8F}.Debug|Any CPU.Build.0 = Debug|Any CPU
		{E31A1E93-0331-4C64-9759-C9CF91E47A8F}.Release|Any CPU.ActiveCfg = Release|Any CPU
		{E31A1E93-0331-4C64-9759-C9CF91E47A8F}.Release|Any CPU.Build.0 = Release|Any CPU
		{2CB8BC27-C8B1-4B8F-BC53-98A120B4B65F}.Debug|Any CPU.ActiveCfg = Debug|Any CPU
		{2CB8BC27-C8B1-4B8F-BC53-98A120B4B65F}.Debug|Any CPU.Build.0 = Debug|Any CPU
		{2CB8BC27-C8B1-4B8F-BC53-98A120B4B65F}.Release|Any CPU.ActiveCfg = Release|Any CPU
		{2CB8BC27-C8B1-4B8F-BC53-98A120B4B65F}.Release|Any CPU.Build.0 = Release|Any CPU
		{C67DF7F6-1B1D-407F-B290-3937465D5D33}.Debug|Any CPU.ActiveCfg = Debug|Any CPU
		{C67DF7F6-1B1D-407F-B290-3937465D5D33}.Debug|Any CPU.Build.0 = Debug|Any CPU
		{C67DF7F6-1B1D-407F-B290-3937465D5D33}.Release|Any CPU.ActiveCfg = Release|Any CPU
		{C67DF7F6-1B1D-407F-B290-3937465D5D33}.Release|Any CPU.Build.0 = Release|Any CPU
		{1CE8E00E-D13D-487B-8F29-69F5CB4901FA}.Debug|Any CPU.ActiveCfg = Debug|Any CPU
		{1CE8E00E-D13D-487B-8F29-69F5CB4901FA}.Debug|Any CPU.Build.0 = Debug|Any CPU
		{1CE8E00E-D13D-487B-8F29-69F5CB4901FA}.Release|Any CPU.ActiveCfg = Release|Any CPU
		{1CE8E00E-D13D-487B-8F29-69F5CB4901FA}.Release|Any CPU.Build.0 = Release|Any CPU
	EndGlobalSection
EndGlobal
